
Microsoft Visual Studio Solution File, Format Version 12.00
Project("{FAE04EC0-301F-11D3-BF4B-00C04F79EFBC}") = "SimpleAuthApi", "SimpleAuthApi\SimpleAuthApi.csproj", "{6E964E03-9C25-4C8E-9D5D-EAF10FA91C2F}"
EndProject
Project("{FAE04EC0-301F-11D3-BF4B-00C04F79EFBC}") = "Application", "Application\Application.csproj", "{58195BA2-E43A-45A6-B921-BAF3B38D9109}"
EndProject
Project("{FAE04EC0-301F-11D3-BF4B-00C04F79EFBC}") = "Domain", "Domain\Domain.csproj", "{D476A12C-7DAC-47BD-B3A9-C10A56642926}"
EndProject
Project("{FAE04EC0-301F-11D3-BF4B-00C04F79EFBC}") = "Persistence", "Persistence\Persistence.csproj", "{FC5B09D6-793E-4A3A-9A4C-B598DE3DC80E}"
EndProject
Project("{2150E333-8FDC-42A3-9474-1A3956D46DE8}") = "solution items", "solution items", "{D2A8C86D-127D-40A2-9F1E-0C14C99D53AE}"
	ProjectSection(SolutionItems) = preProject
		docker-compose.yaml = docker-compose.yaml
		.env = .env
	EndProjectSection
EndProject
Project("{FAE04EC0-301F-11D3-BF4B-00C04F79EFBC}") = "TelegramBot", "TelegramBot\TelegramBot.csproj", "{A7A0D013-63CB-4D12-8CA2-7F321DBA4820}"
EndProject
Project("{FAE04EC0-301F-11D3-BF4B-00C04F79EFBC}") = "Contracts", "Contracts\Contracts.csproj", "{56EBC1CC-5467-4976-B708-D9E92FA069EB}"
EndProject
Project("{FAE04EC0-301F-11D3-BF4B-00C04F79EFBC}") = "ReportService", "ReportService\ReportService.csproj", "{80AB16F3-5170-4ED3-ACD1-65BD978C4C91}"
EndProject
Global
	GlobalSection(SolutionConfigurationPlatforms) = preSolution
		Debug|Any CPU = Debug|Any CPU
		Release|Any CPU = Release|Any CPU
	EndGlobalSection
	GlobalSection(ProjectConfigurationPlatforms) = postSolution
		{6E964E03-9C25-4C8E-9D5D-EAF10FA91C2F}.Debug|Any CPU.ActiveCfg = Debug|Any CPU
		{6E964E03-9C25-4C8E-9D5D-EAF10FA91C2F}.Debug|Any CPU.Build.0 = Debug|Any CPU
		{6E964E03-9C25-4C8E-9D5D-EAF10FA91C2F}.Release|Any CPU.ActiveCfg = Release|Any CPU
		{6E964E03-9C25-4C8E-9D5D-EAF10FA91C2F}.Release|Any CPU.Build.0 = Release|Any CPU
		{58195BA2-E43A-45A6-B921-BAF3B38D9109}.Debug|Any CPU.ActiveCfg = Debug|Any CPU
		{58195BA2-E43A-45A6-B921-BAF3B38D9109}.Debug|Any CPU.Build.0 = Debug|Any CPU
		{58195BA2-E43A-45A6-B921-BAF3B38D9109}.Release|Any CPU.ActiveCfg = Release|Any CPU
		{58195BA2-E43A-45A6-B921-BAF3B38D9109}.Release|Any CPU.Build.0 = Release|Any CPU
		{D476A12C-7DAC-47BD-B3A9-C10A56642926}.Debug|Any CPU.ActiveCfg = Debug|Any CPU
		{D476A12C-7DAC-47BD-B3A9-C10A56642926}.Debug|Any CPU.Build.0 = Debug|Any CPU
		{D476A12C-7DAC-47BD-B3A9-C10A56642926}.Release|Any CPU.ActiveCfg = Release|Any CPU
		{D476A12C-7DAC-47BD-B3A9-C10A56642926}.Release|Any CPU.Build.0 = Release|Any CPU
		{FC5B09D6-793E-4A3A-9A4C-B598DE3DC80E}.Debug|Any CPU.ActiveCfg = Debug|Any CPU
		{FC5B09D6-793E-4A3A-9A4C-B598DE3DC80E}.Debug|Any CPU.Build.0 = Debug|Any CPU
		{FC5B09D6-793E-4A3A-9A4C-B598DE3DC80E}.Release|Any CPU.ActiveCfg = Release|Any CPU
		{FC5B09D6-793E-4A3A-9A4C-B598DE3DC80E}.Release|Any CPU.Build.0 = Release|Any CPU
		{A7A0D013-63CB-4D12-8CA2-7F321DBA4820}.Debug|Any CPU.ActiveCfg = Debug|Any CPU
		{A7A0D013-63CB-4D12-8CA2-7F321DBA4820}.Debug|Any CPU.Build.0 = Debug|Any CPU
		{A7A0D013-63CB-4D12-8CA2-7F321DBA4820}.Release|Any CPU.ActiveCfg = Release|Any CPU
		{A7A0D013-63CB-4D12-8CA2-7F321DBA4820}.Release|Any CPU.Build.0 = Release|Any CPU
		{56EBC1CC-5467-4976-B708-D9E92FA069EB}.Debug|Any CPU.ActiveCfg = Debug|Any CPU
		{56EBC1CC-5467-4976-B708-D9E92FA069EB}.Debug|Any CPU.Build.0 = Debug|Any CPU
		{56EBC1CC-5467-4976-B708-D9E92FA069EB}.Release|Any CPU.ActiveCfg = Release|Any CPU
		{56EBC1CC-5467-4976-B708-D9E92FA069EB}.Release|Any CPU.Build.0 = Release|Any CPU
		{80AB16F3-5170-4ED3-ACD1-65BD978C4C91}.Debug|Any CPU.ActiveCfg = Debug|Any CPU
		{80AB16F3-5170-4ED3-ACD1-65BD978C4C91}.Debug|Any CPU.Build.0 = Debug|Any CPU
		{80AB16F3-5170-4ED3-ACD1-65BD978C4C91}.Release|Any CPU.ActiveCfg = Release|Any CPU
		{80AB16F3-5170-4ED3-ACD1-65BD978C4C91}.Release|Any CPU.Build.0 = Release|Any CPU
	EndGlobalSection
EndGlobal
